
Microsoft Visual Studio Solution File, Format Version 12.00
# Visual Studio Version 16
VisualStudioVersion = 16.0.30611.23
MinimumVisualStudioVersion = 10.0.40219.1
Project("{FAE04EC0-301F-11D3-BF4B-00C04F79EFBC}") = "DLA", "DLA\DLA.csproj", "{5B3BC776-92B3-47AC-B220-A68652B3D373}"
EndProject
Global
	GlobalSection(SolutionConfigurationPlatforms) = preSolution
		Debug|Any CPU = Debug|Any CPU
		Release|Any CPU = Release|Any CPU
	EndGlobalSection
	GlobalSection(ProjectConfigurationPlatforms) = postSolution
		{5B3BC776-92B3-47AC-B220-A68652B3D373}.Debug|Any CPU.ActiveCfg = Debug|Any CPU
		{5B3BC776-92B3-47AC-B220-A68652B3D373}.Debug|Any CPU.Build.0 = Debug|Any CPU
		{5B3BC776-92B3-47AC-B220-A68652B3D373}.Release|Any CPU.ActiveCfg = Release|Any CPU
		{5B3BC776-92B3-47AC-B220-A68652B3D373}.Release|Any CPU.Build.0 = Release|Any CPU
	EndGlobalSection
	GlobalSection(SolutionProperties) = preSolution
		HideSolutionNode = FALSE
	EndGlobalSection
	GlobalSection(ExtensibilityGlobals) = postSolution
		SolutionGuid = {B8DA4806-C8BD-4598-8A00-F17EA2EEA41B}
	EndGlobalSection
EndGlobal
